
Microsoft Visual Studio Solution File, Format Version 12.00
# Visual Studio Version 17
VisualStudioVersion = 17.3.32929.385
MinimumVisualStudioVersion = 10.0.40219.1
Project("{FAE04EC0-301F-11D3-BF4B-00C04F79EFBC}") = "WpfApp2", "WpfApp2\WpfApp2.csproj", "{38ACBEAB-A89B-411B-B34A-94DA818E6C43}"
EndProject
Global
	GlobalSection(SolutionConfigurationPlatforms) = preSolution
		Debug|Any CPU = Debug|Any CPU
		Release|Any CPU = Release|Any CPU
	EndGlobalSection
	GlobalSection(ProjectConfigurationPlatforms) = postSolution
		{38ACBEAB-A89B-411B-B34A-94DA818E6C43}.Debug|Any CPU.ActiveCfg = Debug|Any CPU
		{38ACBEAB-A89B-411B-B34A-94DA818E6C43}.Debug|Any CPU.Build.0 = Debug|Any CPU
		{38ACBEAB-A89B-411B-B34A-94DA818E6C43}.Release|Any CPU.ActiveCfg = Release|Any CPU
		{38ACBEAB-A89B-411B-B34A-94DA818E6C43}.Release|Any CPU.Build.0 = Release|Any CPU
	EndGlobalSection
	GlobalSection(SolutionProperties) = preSolution
		HideSolutionNode = FALSE
	EndGlobalSection
	GlobalSection(ExtensibilityGlobals) = postSolution
		SolutionGuid = {DC8044E0-4030-4E1F-8C3F-6ADF48B3ADA9}
	EndGlobalSection
EndGlobal
